
Microsoft Visual Studio Solution File, Format Version 12.00
# Visual Studio Version 16
VisualStudioVersion = 16.0.29613.14
MinimumVisualStudioVersion = 10.0.40219.1
Project("{FAE04EC0-301F-11D3-BF4B-00C04F79EFBC}") = "WordTargetCore", "WordTargetCore\WordTargetCore.csproj", "{0666F675-A15D-4D33-8DB0-DABDCC46F66E}"
EndProject
Project("{FAE04EC0-301F-11D3-BF4B-00C04F79EFBC}") = "WordTargetCoreTests", "WordTargetCoreTests\WordTargetCoreTests.csproj", "{E69EA42D-FCAD-46D9-B982-4685946E002C}"
EndProject
Global
	GlobalSection(SolutionConfigurationPlatforms) = preSolution
		Debug|Any CPU = Debug|Any CPU
		Release|Any CPU = Release|Any CPU
	EndGlobalSection
	GlobalSection(ProjectConfigurationPlatforms) = postSolution
		{0666F675-A15D-4D33-8DB0-DABDCC46F66E}.Debug|Any CPU.ActiveCfg = Debug|Any CPU
		{0666F675-A15D-4D33-8DB0-DABDCC46F66E}.Debug|Any CPU.Build.0 = Debug|Any CPU
		{0666F675-A15D-4D33-8DB0-DABDCC46F66E}.Release|Any CPU.ActiveCfg = Release|Any CPU
		{0666F675-A15D-4D33-8DB0-DABDCC46F66E}.Release|Any CPU.Build.0 = Release|Any CPU
		{E69EA42D-FCAD-46D9-B982-4685946E002C}.Debug|Any CPU.ActiveCfg = Debug|Any CPU
		{E69EA42D-FCAD-46D9-B982-4685946E002C}.Debug|Any CPU.Build.0 = Debug|Any CPU
		{E69EA42D-FCAD-46D9-B982-4685946E002C}.Release|Any CPU.ActiveCfg = Release|Any CPU
		{E69EA42D-FCAD-46D9-B982-4685946E002C}.Release|Any CPU.Build.0 = Release|Any CPU
	EndGlobalSection
	GlobalSection(SolutionProperties) = preSolution
		HideSolutionNode = FALSE
	EndGlobalSection
	GlobalSection(ExtensibilityGlobals) = postSolution
		SolutionGuid = {8F7DB8EE-1677-4779-9A53-16DF6A7C07F6}
	EndGlobalSection
EndGlobal
